<?xml version="1.0" encoding="utf-8"?>
<Project ToolsVersion="4.0" xmlns="http://schemas.microsoft.com/developer/msbuild/2003">
  <ItemGroup>
    <Filter Include="Исходные файлы">
      <UniqueIdentifier>{4FC737F1-C7A5-4376-A066-2A32D752A2FF}</UniqueIdentifier>
      <Extensions>cpp;c;cc;cxx;c++;cppm;ixx;def;odl;idl;hpj;bat;asm;asmx</Extensions>
    </Filter>
    <Filter Include="Файлы заголовков">
      <UniqueIdentifier>{93995380-89BD-4b04-88EB-625FBE52EBFB}</UniqueIdentifier>
      <Extensions>h;hh;hpp;hxx;h++;hm;inl;inc;ipp;xsd</Extensions>
    </Filter>
    <Filter Include="Файлы ресурсов">
      <UniqueIdentifier>{67DA6AB6-F800-4c08-8B7A-83BB121AAD01}</UniqueIdentifier>
      <Extensions>rc;ico;cur;bmp;dlg;rc2;rct;bin;rgs;gif;jpg;jpeg;jpe;resx;tiff;tif;png;wav;mfcribbon-ms</Extensions>
    </Filter>
    <Filter Include="include">
      <UniqueIdentifier>{4b4a5e7d-9896-4851-9f43-4b7662862fa6}</UniqueIdentifier>
    </Filter>
    <Filter Include="builds">
      <UniqueIdentifier>{90081d50-e612-4094-8911-16db6c647716}</UniqueIdentifier>
    </Filter>
    <Filter Include="1337">
      <UniqueIdentifier>{b0efc934-07df-47e0-9f0c-64e7ddd5286b}</UniqueIdentifier>
    </Filter>
  </ItemGroup>
  <ItemGroup>
    <ClInclude Include="include\handles.hpp">
      <Filter>include</Filter>
    </ClInclude>
    <ClInclude Include="include\processes.hpp">
      <Filter>include</Filter>
    </ClInclude>
    <ClInclude Include="builds\game_varsNET.hpp">
      <Filter>builds</Filter>
    </ClInclude>
    <ClInclude Include="builds\game_varsOMP.hpp">
      <Filter>builds</Filter>
    </ClInclude>
    <ClInclude Include="builds\game_varsXRMPE.hpp">
      <Filter>builds</Filter>
    </ClInclude>
    <ClInclude Include="builds\offsetsNET.hpp">
      <Filter>builds</Filter>
    </ClInclude>
    <ClInclude Include="builds\offsetsOMP.hpp">
      <Filter>builds</Filter>
    </ClInclude>
    <ClInclude Include="builds\offsetsXRMPE.hpp">
      <Filter>builds</Filter>
    </ClInclude>
    <ClInclude Include="builds\signaturesNET.hpp">
      <Filter>builds</Filter>
    </ClInclude>
    <ClInclude Include="builds\signaturesOMP.hpp">
      <Filter>builds</Filter>
    </ClInclude>
    <ClInclude Include="builds\signaturesXRMPE.hpp">
      <Filter>builds</Filter>
    </ClInclude>
    <ClInclude Include="1337\game_vars.hpp">
      <Filter>1337</Filter>
    </ClInclude>
    <ClInclude Include="1337\includes.hpp">
      <Filter>1337</Filter>
    </ClInclude>
    <ClInclude Include="1337\offsets.hpp">
      <Filter>1337</Filter>
    </ClInclude>
    <ClInclude Include="1337\signatures.hpp">
      <Filter>1337</Filter>
    </ClInclude>
    <ClInclude Include="1337\Memory.hpp">
      <Filter>1337</Filter>
    </ClInclude>
  </ItemGroup>
  <ItemGroup>
    <ClCompile Include="dllmain.cpp">
      <Filter>Исходные файлы</Filter>
    </ClCompile>
    <ClCompile Include="include\handles.cpp">
      <Filter>include</Filter>
    </ClCompile>
    <ClCompile Include="include\processes.cpp">
      <Filter>include</Filter>
    </ClCompile>
  </ItemGroup>
</Project>