<?xml version="1.0" encoding="utf-8"?>
<Project ToolsVersion="4.0" xmlns="http://schemas.microsoft.com/developer/msbuild/2003">
  <ItemGroup>
    <Filter Include="Исходные файлы">
      <UniqueIdentifier>{4FC737F1-C7A5-4376-A066-2A32D752A2FF}</UniqueIdentifier>
      <Extensions>cpp;c;cc;cxx;c++;cppm;ixx;def;odl;idl;hpj;bat;asm;asmx</Extensions>
    </Filter>
    <Filter Include="Файлы заголовков">
      <UniqueIdentifier>{93995380-89BD-4b04-88EB-625FBE52EBFB}</UniqueIdentifier>
      <Extensions>h;hh;hpp;hxx;h++;hm;inl;inc;ipp;xsd</Extensions>
    </Filter>
    <Filter Include="Файлы ресурсов">
      <UniqueIdentifier>{67DA6AB6-F800-4c08-8B7A-83BB121AAD01}</UniqueIdentifier>
      <Extensions>rc;ico;cur;bmp;dlg;rc2;rct;bin;rgs;gif;jpg;jpeg;jpe;resx;tiff;tif;png;wav;mfcribbon-ms</Extensions>
    </Filter>
    <Filter Include="include">
      <UniqueIdentifier>{4b4a5e7d-9896-4851-9f43-4b7662862fa6}</UniqueIdentifier>
    </Filter>
    <Filter Include="XR-1337">
      <UniqueIdentifier>{b0efc934-07df-47e0-9f0c-64e7ddd5286b}</UniqueIdentifier>
    </Filter>
    <Filter Include="XR-1337\builds">
      <UniqueIdentifier>{eea124f9-909c-4f7d-8b89-7986b3da555b}</UniqueIdentifier>
    </Filter>
    <Filter Include="XR-1337\includes">
      <UniqueIdentifier>{b1dcddfa-63df-46e5-8d2d-d11ed97d2ea0}</UniqueIdentifier>
    </Filter>
  </ItemGroup>
  <ItemGroup>
    <ClInclude Include="include\handles.hpp">
      <Filter>include</Filter>
    </ClInclude>
    <ClInclude Include="include\processes.hpp">
      <Filter>include</Filter>
    </ClInclude>
    <ClInclude Include="XR-1337\builds\game_varsNET.hpp">
      <Filter>XR-1337\builds</Filter>
    </ClInclude>
    <ClInclude Include="XR-1337\builds\game_varsOMP.hpp">
      <Filter>XR-1337\builds</Filter>
    </ClInclude>
    <ClInclude Include="XR-1337\builds\game_varsXRMPE.hpp">
      <Filter>XR-1337\builds</Filter>
    </ClInclude>
    <ClInclude Include="XR-1337\builds\offsetsNET.hpp">
      <Filter>XR-1337\builds</Filter>
    </ClInclude>
    <ClInclude Include="XR-1337\builds\offsetsOMP.hpp">
      <Filter>XR-1337\builds</Filter>
    </ClInclude>
    <ClInclude Include="XR-1337\builds\offsetsXRMPE.hpp">
      <Filter>XR-1337\builds</Filter>
    </ClInclude>
    <ClInclude Include="XR-1337\builds\signaturesNET.hpp">
      <Filter>XR-1337\builds</Filter>
    </ClInclude>
    <ClInclude Include="XR-1337\builds\signaturesOMP.hpp">
      <Filter>XR-1337\builds</Filter>
    </ClInclude>
    <ClInclude Include="XR-1337\builds\signaturesXRMPE.hpp">
      <Filter>XR-1337\builds</Filter>
    </ClInclude>
    <ClInclude Include="XR-1337\includes\game_vars.hpp">
      <Filter>XR-1337\includes</Filter>
    </ClInclude>
    <ClInclude Include="XR-1337\includes\Memory.hpp">
      <Filter>XR-1337\includes</Filter>
    </ClInclude>
    <ClInclude Include="XR-1337\includes\offsets.hpp">
      <Filter>XR-1337\includes</Filter>
    </ClInclude>
    <ClInclude Include="XR-1337\includes\signatures.hpp">
      <Filter>XR-1337\includes</Filter>
    </ClInclude>
    <ClInclude Include="XR-1337\includes\XR-1337.hpp">
      <Filter>XR-1337\includes</Filter>
    </ClInclude>
  </ItemGroup>
  <ItemGroup>
    <ClCompile Include="dllmain.cpp">
      <Filter>Исходные файлы</Filter>
    </ClCompile>
    <ClCompile Include="include\handles.cpp">
      <Filter>include</Filter>
    </ClCompile>
    <ClCompile Include="include\processes.cpp">
      <Filter>include</Filter>
    </ClCompile>
    <ClCompile Include="XR-1337\includes\Memory.cpp">
      <Filter>XR-1337\includes</Filter>
    </ClCompile>
  </ItemGroup>
</Project>